// !$*UTF8*$!
{
	archiveVersion = 1;
	classes = {
	};
	objectVersion = 50;
	objects = {

/* Begin PBXBuildFile section */
		7DBFE40D23CE521100DD56B1 /* AppDelegate.swift in Sources */ = {isa = PBXBuildFile; fileRef = 7DBFE40C23CE521100DD56B1 /* AppDelegate.swift */; };
		7DBFE40F23CE521100DD56B1 /* SceneDelegate.swift in Sources */ = {isa = PBXBuildFile; fileRef = 7DBFE40E23CE521100DD56B1 /* SceneDelegate.swift */; };
		7DBFE41123CE521100DD56B1 /* VideoLibraryViewController.swift in Sources */ = {isa = PBXBuildFile; fileRef = 7DBFE41023CE521100DD56B1 /* VideoLibraryViewController.swift */; };
		7DBFE41423CE521100DD56B1 /* Main.storyboard in Resources */ = {isa = PBXBuildFile; fileRef = 7DBFE41223CE521100DD56B1 /* Main.storyboard */; };
		7DBFE41623CE521200DD56B1 /* Assets.xcassets in Resources */ = {isa = PBXBuildFile; fileRef = 7DBFE41523CE521200DD56B1 /* Assets.xcassets */; };
		7DBFE41923CE521200DD56B1 /* LaunchScreen.storyboard in Resources */ = {isa = PBXBuildFile; fileRef = 7DBFE41723CE521200DD56B1 /* LaunchScreen.storyboard */; };
		7DBFE42423CE521200DD56B1 /* RemoteCameraClientTests.swift in Sources */ = {isa = PBXBuildFile; fileRef = 7DBFE42323CE521200DD56B1 /* RemoteCameraClientTests.swift */; };
		7DBFE42F23CE521200DD56B1 /* RemoteCameraClientUITests.swift in Sources */ = {isa = PBXBuildFile; fileRef = 7DBFE42E23CE521200DD56B1 /* RemoteCameraClientUITests.swift */; };
		7DBFE43D23CE54D300DD56B1 /* RemoteCameraWebClient.swift in Sources */ = {isa = PBXBuildFile; fileRef = 7DBFE43C23CE54D300DD56B1 /* RemoteCameraWebClient.swift */; };
		7DF5EE3023D0278B00C82E68 /* VideoCollectionViewCell.swift in Sources */ = {isa = PBXBuildFile; fileRef = 7DF5EE2E23D0278B00C82E68 /* VideoCollectionViewCell.swift */; };
		7DF5EE3123D0278B00C82E68 /* VideoCollectionViewCell.xib in Resources */ = {isa = PBXBuildFile; fileRef = 7DF5EE2F23D0278B00C82E68 /* VideoCollectionViewCell.xib */; };
/* End PBXBuildFile section */

/* Begin PBXContainerItemProxy section */
		7DBFE42023CE521200DD56B1 /* PBXContainerItemProxy */ = {
			isa = PBXContainerItemProxy;
			containerPortal = 7DBFE40123CE521100DD56B1 /* Project object */;
			proxyType = 1;
			remoteGlobalIDString = 7DBFE40823CE521100DD56B1;
			remoteInfo = RemoteCameraClient;
		};
		7DBFE42B23CE521200DD56B1 /* PBXContainerItemProxy */ = {
			isa = PBXContainerItemProxy;
			containerPortal = 7DBFE40123CE521100DD56B1 /* Project object */;
			proxyType = 1;
			remoteGlobalIDString = 7DBFE40823CE521100DD56B1;
			remoteInfo = RemoteCameraClient;
		};
/* End PBXContainerItemProxy section */

/* Begin PBXFileReference section */
		7DBFE40923CE521100DD56B1 /* RemoteCameraClient.app */ = {isa = PBXFileReference; explicitFileType = wrapper.application; includeInIndex = 0; path = RemoteCameraClient.app; sourceTree = BUILT_PRODUCTS_DIR; };
		7DBFE40C23CE521100DD56B1 /* AppDelegate.swift */ = {isa = PBXFileReference; lastKnownFileType = sourcecode.swift; path = AppDelegate.swift; sourceTree = "<group>"; };
		7DBFE40E23CE521100DD56B1 /* SceneDelegate.swift */ = {isa = PBXFileReference; lastKnownFileType = sourcecode.swift; path = SceneDelegate.swift; sourceTree = "<group>"; };
		7DBFE41023CE521100DD56B1 /* VideoLibraryViewController.swift */ = {isa = PBXFileReference; lastKnownFileType = sourcecode.swift; path = VideoLibraryViewController.swift; sourceTree = "<group>"; };
		7DBFE41323CE521100DD56B1 /* Base */ = {isa = PBXFileReference; lastKnownFileType = file.storyboard; name = Base; path = Base.lproj/Main.storyboard; sourceTree = "<group>"; };
		7DBFE41523CE521200DD56B1 /* Assets.xcassets */ = {isa = PBXFileReference; lastKnownFileType = folder.assetcatalog; path = Assets.xcassets; sourceTree = "<group>"; };
		7DBFE41823CE521200DD56B1 /* Base */ = {isa = PBXFileReference; lastKnownFileType = file.storyboard; name = Base; path = Base.lproj/LaunchScreen.storyboard; sourceTree = "<group>"; };
		7DBFE41A23CE521200DD56B1 /* Info.plist */ = {isa = PBXFileReference; lastKnownFileType = text.plist.xml; path = Info.plist; sourceTree = "<group>"; };
		7DBFE41F23CE521200DD56B1 /* RemoteCameraClientTests.xctest */ = {isa = PBXFileReference; explicitFileType = wrapper.cfbundle; includeInIndex = 0; path = RemoteCameraClientTests.xctest; sourceTree = BUILT_PRODUCTS_DIR; };
		7DBFE42323CE521200DD56B1 /* RemoteCameraClientTests.swift */ = {isa = PBXFileReference; lastKnownFileType = sourcecode.swift; path = RemoteCameraClientTests.swift; sourceTree = "<group>"; };
		7DBFE42523CE521200DD56B1 /* Info.plist */ = {isa = PBXFileReference; lastKnownFileType = text.plist.xml; path = Info.plist; sourceTree = "<group>"; };
		7DBFE42A23CE521200DD56B1 /* RemoteCameraClientUITests.xctest */ = {isa = PBXFileReference; explicitFileType = wrapper.cfbundle; includeInIndex = 0; path = RemoteCameraClientUITests.xctest; sourceTree = BUILT_PRODUCTS_DIR; };
		7DBFE42E23CE521200DD56B1 /* RemoteCameraClientUITests.swift */ = {isa = PBXFileReference; lastKnownFileType = sourcecode.swift; path = RemoteCameraClientUITests.swift; sourceTree = "<group>"; };
		7DBFE43023CE521200DD56B1 /* Info.plist */ = {isa = PBXFileReference; lastKnownFileType = text.plist.xml; path = Info.plist; sourceTree = "<group>"; };
		7DBFE43C23CE54D300DD56B1 /* RemoteCameraWebClient.swift */ = {isa = PBXFileReference; lastKnownFileType = sourcecode.swift; path = RemoteCameraWebClient.swift; sourceTree = "<group>"; };
		7DF5EE2E23D0278B00C82E68 /* VideoCollectionViewCell.swift */ = {isa = PBXFileReference; lastKnownFileType = sourcecode.swift; path = VideoCollectionViewCell.swift; sourceTree = "<group>"; };
		7DF5EE2F23D0278B00C82E68 /* VideoCollectionViewCell.xib */ = {isa = PBXFileReference; lastKnownFileType = file.xib; path = VideoCollectionViewCell.xib; sourceTree = "<group>"; };
/* End PBXFileReference section */

/* Begin PBXFrameworksBuildPhase section */
		7DBFE40623CE521100DD56B1 /* Frameworks */ = {
			isa = PBXFrameworksBuildPhase;
			buildActionMask = 2147483647;
			files = (
			);
			runOnlyForDeploymentPostprocessing = 0;
		};
		7DBFE41C23CE521200DD56B1 /* Frameworks */ = {
			isa = PBXFrameworksBuildPhase;
			buildActionMask = 2147483647;
			files = (
			);
			runOnlyForDeploymentPostprocessing = 0;
		};
		7DBFE42723CE521200DD56B1 /* Frameworks */ = {
			isa = PBXFrameworksBuildPhase;
			buildActionMask = 2147483647;
			files = (
			);
			runOnlyForDeploymentPostprocessing = 0;
		};
/* End PBXFrameworksBuildPhase section */

/* Begin PBXGroup section */
		7DBFE40023CE521100DD56B1 = {
			isa = PBXGroup;
			children = (
				7DBFE40B23CE521100DD56B1 /* RemoteCameraClient */,
				7DBFE42223CE521200DD56B1 /* RemoteCameraClientTests */,
				7DBFE42D23CE521200DD56B1 /* RemoteCameraClientUITests */,
				7DBFE40A23CE521100DD56B1 /* Products */,
			);
			sourceTree = "<group>";
		};
		7DBFE40A23CE521100DD56B1 /* Products */ = {
			isa = PBXGroup;
			children = (
				7DBFE40923CE521100DD56B1 /* RemoteCameraClient.app */,
				7DBFE41F23CE521200DD56B1 /* RemoteCameraClientTests.xctest */,
				7DBFE42A23CE521200DD56B1 /* RemoteCameraClientUITests.xctest */,
			);
			name = Products;
			sourceTree = "<group>";
		};
		7DBFE40B23CE521100DD56B1 /* RemoteCameraClient */ = {
			isa = PBXGroup;
			children = (
				7DF5EE3423D046E000C82E68 /* Web */,
				7DF5EE2923D022CE00C82E68 /* View Controllers */,
				7DBFE40C23CE521100DD56B1 /* AppDelegate.swift */,
				7DBFE40E23CE521100DD56B1 /* SceneDelegate.swift */,
				7DBFE41223CE521100DD56B1 /* Main.storyboard */,
				7DBFE41523CE521200DD56B1 /* Assets.xcassets */,
				7DBFE41723CE521200DD56B1 /* LaunchScreen.storyboard */,
				7DBFE41A23CE521200DD56B1 /* Info.plist */,
			);
			path = RemoteCameraClient;
			sourceTree = "<group>";
		};
		7DBFE42223CE521200DD56B1 /* RemoteCameraClientTests */ = {
			isa = PBXGroup;
			children = (
				7DBFE42323CE521200DD56B1 /* RemoteCameraClientTests.swift */,
				7DBFE42523CE521200DD56B1 /* Info.plist */,
			);
			path = RemoteCameraClientTests;
			sourceTree = "<group>";
		};
		7DBFE42D23CE521200DD56B1 /* RemoteCameraClientUITests */ = {
			isa = PBXGroup;
			children = (
				7DBFE42E23CE521200DD56B1 /* RemoteCameraClientUITests.swift */,
				7DBFE43023CE521200DD56B1 /* Info.plist */,
			);
			path = RemoteCameraClientUITests;
			sourceTree = "<group>";
		};
		7DF5EE2923D022CE00C82E68 /* View Controllers */ = {
			isa = PBXGroup;
			children = (
				7DBFE41023CE521100DD56B1 /* VideoLibraryViewController.swift */,
				7DF5EE2E23D0278B00C82E68 /* VideoCollectionViewCell.swift */,
				7DF5EE2F23D0278B00C82E68 /* VideoCollectionViewCell.xib */,
			);
			path = "View Controllers";
			sourceTree = "<group>";
		};
		7DF5EE3423D046E000C82E68 /* Web */ = {
			isa = PBXGroup;
			children = (
				7DBFE43C23CE54D300DD56B1 /* RemoteCameraWebClient.swift */,
			);
			path = Web;
			sourceTree = "<group>";
		};
/* End PBXGroup section */

/* Begin PBXNativeTarget section */
		7DBFE40823CE521100DD56B1 /* RemoteCameraClient */ = {
			isa = PBXNativeTarget;
			buildConfigurationList = 7DBFE43323CE521200DD56B1 /* Build configuration list for PBXNativeTarget "RemoteCameraClient" */;
			buildPhases = (
				7DBFE40523CE521100DD56B1 /* Sources */,
				7DBFE40623CE521100DD56B1 /* Frameworks */,
				7DBFE40723CE521100DD56B1 /* Resources */,
			);
			buildRules = (
			);
			dependencies = (
			);
			name = RemoteCameraClient;
			productName = RemoteCameraClient;
			productReference = 7DBFE40923CE521100DD56B1 /* RemoteCameraClient.app */;
			productType = "com.apple.product-type.application";
		};
		7DBFE41E23CE521200DD56B1 /* RemoteCameraClientTests */ = {
			isa = PBXNativeTarget;
			buildConfigurationList = 7DBFE43623CE521200DD56B1 /* Build configuration list for PBXNativeTarget "RemoteCameraClientTests" */;
			buildPhases = (
				7DBFE41B23CE521200DD56B1 /* Sources */,
				7DBFE41C23CE521200DD56B1 /* Frameworks */,
				7DBFE41D23CE521200DD56B1 /* Resources */,
			);
			buildRules = (
			);
			dependencies = (
				7DBFE42123CE521200DD56B1 /* PBXTargetDependency */,
			);
			name = RemoteCameraClientTests;
			productName = RemoteCameraClientTests;
			productReference = 7DBFE41F23CE521200DD56B1 /* RemoteCameraClientTests.xctest */;
			productType = "com.apple.product-type.bundle.unit-test";
		};
		7DBFE42923CE521200DD56B1 /* RemoteCameraClientUITests */ = {
			isa = PBXNativeTarget;
			buildConfigurationList = 7DBFE43923CE521200DD56B1 /* Build configuration list for PBXNativeTarget "RemoteCameraClientUITests" */;
			buildPhases = (
				7DBFE42623CE521200DD56B1 /* Sources */,
				7DBFE42723CE521200DD56B1 /* Frameworks */,
				7DBFE42823CE521200DD56B1 /* Resources */,
			);
			buildRules = (
			);
			dependencies = (
				7DBFE42C23CE521200DD56B1 /* PBXTargetDependency */,
			);
			name = RemoteCameraClientUITests;
			productName = RemoteCameraClientUITests;
			productReference = 7DBFE42A23CE521200DD56B1 /* RemoteCameraClientUITests.xctest */;
			productType = "com.apple.product-type.bundle.ui-testing";
		};
/* End PBXNativeTarget section */

/* Begin PBXProject section */
		7DBFE40123CE521100DD56B1 /* Project object */ = {
			isa = PBXProject;
			attributes = {
				LastSwiftUpdateCheck = 1130;
				LastUpgradeCheck = 1130;
				ORGANIZATIONNAME = "Daniel Greenheck";
				TargetAttributes = {
					7DBFE40823CE521100DD56B1 = {
						CreatedOnToolsVersion = 11.3;
					};
					7DBFE41E23CE521200DD56B1 = {
						CreatedOnToolsVersion = 11.3;
						TestTargetID = 7DBFE40823CE521100DD56B1;
					};
					7DBFE42923CE521200DD56B1 = {
						CreatedOnToolsVersion = 11.3;
						TestTargetID = 7DBFE40823CE521100DD56B1;
					};
				};
			};
			buildConfigurationList = 7DBFE40423CE521100DD56B1 /* Build configuration list for PBXProject "RemoteCameraClient" */;
			compatibilityVersion = "Xcode 9.3";
			developmentRegion = en;
			hasScannedForEncodings = 0;
			knownRegions = (
				en,
				Base,
			);
			mainGroup = 7DBFE40023CE521100DD56B1;
			productRefGroup = 7DBFE40A23CE521100DD56B1 /* Products */;
			projectDirPath = "";
			projectRoot = "";
			targets = (
				7DBFE40823CE521100DD56B1 /* RemoteCameraClient */,
				7DBFE41E23CE521200DD56B1 /* RemoteCameraClientTests */,
				7DBFE42923CE521200DD56B1 /* RemoteCameraClientUITests */,
			);
		};
/* End PBXProject section */

/* Begin PBXResourcesBuildPhase section */
		7DBFE40723CE521100DD56B1 /* Resources */ = {
			isa = PBXResourcesBuildPhase;
			buildActionMask = 2147483647;
			files = (
				7DBFE41923CE521200DD56B1 /* LaunchScreen.storyboard in Resources */,
				7DBFE41623CE521200DD56B1 /* Assets.xcassets in Resources */,
				7DF5EE3123D0278B00C82E68 /* VideoCollectionViewCell.xib in Resources */,
				7DBFE41423CE521100DD56B1 /* Main.storyboard in Resources */,
			);
			runOnlyForDeploymentPostprocessing = 0;
		};
		7DBFE41D23CE521200DD56B1 /* Resources */ = {
			isa = PBXResourcesBuildPhase;
			buildActionMask = 2147483647;
			files = (
			);
			runOnlyForDeploymentPostprocessing = 0;
		};
		7DBFE42823CE521200DD56B1 /* Resources */ = {
			isa = PBXResourcesBuildPhase;
			buildActionMask = 2147483647;
			files = (
			);
			runOnlyForDeploymentPostprocessing = 0;
		};
/* End PBXResourcesBuildPhase section */

/* Begin PBXSourcesBuildPhase section */
		7DBFE40523CE521100DD56B1 /* Sources */ = {
			isa = PBXSourcesBuildPhase;
			buildActionMask = 2147483647;
			files = (
				7DBFE41123CE521100DD56B1 /* VideoLibraryViewController.swift in Sources */,
				7DBFE40D23CE521100DD56B1 /* AppDelegate.swift in Sources */,
				7DBFE40F23CE521100DD56B1 /* SceneDelegate.swift in Sources */,
				7DF5EE3023D0278B00C82E68 /* VideoCollectionViewCell.swift in Sources */,
				7DBFE43D23CE54D300DD56B1 /* RemoteCameraWebClient.swift in Sources */,
			);
			runOnlyForDeploymentPostprocessing = 0;
		};
		7DBFE41B23CE521200DD56B1 /* Sources */ = {
			isa = PBXSourcesBuildPhase;
			buildActionMask = 2147483647;
			files = (
				7DBFE42423CE521200DD56B1 /* RemoteCameraClientTests.swift in Sources */,
			);
			runOnlyForDeploymentPostprocessing = 0;
		};
		7DBFE42623CE521200DD56B1 /* Sources */ = {
			isa = PBXSourcesBuildPhase;
			buildActionMask = 2147483647;
			files = (
				7DBFE42F23CE521200DD56B1 /* RemoteCameraClientUITests.swift in Sources */,
			);
			runOnlyForDeploymentPostprocessing = 0;
		};
/* End PBXSourcesBuildPhase section */

/* Begin PBXTargetDependency section */
		7DBFE42123CE521200DD56B1 /* PBXTargetDependency */ = {
			isa = PBXTargetDependency;
			target = 7DBFE40823CE521100DD56B1 /* RemoteCameraClient */;
			targetProxy = 7DBFE42023CE521200DD56B1 /* PBXContainerItemProxy */;
		};
		7DBFE42C23CE521200DD56B1 /* PBXTargetDependency */ = {
			isa = PBXTargetDependency;
			target = 7DBFE40823CE521100DD56B1 /* RemoteCameraClient */;
			targetProxy = 7DBFE42B23CE521200DD56B1 /* PBXContainerItemProxy */;
		};
/* End PBXTargetDependency section */

/* Begin PBXVariantGroup section */
		7DBFE41223CE521100DD56B1 /* Main.storyboard */ = {
			isa = PBXVariantGroup;
			children = (
				7DBFE41323CE521100DD56B1 /* Base */,
			);
			name = Main.storyboard;
			sourceTree = "<group>";
		};
		7DBFE41723CE521200DD56B1 /* LaunchScreen.storyboard */ = {
			isa = PBXVariantGroup;
			children = (
				7DBFE41823CE521200DD56B1 /* Base */,
			);
			name = LaunchScreen.storyboard;
			sourceTree = "<group>";
		};
/* End PBXVariantGroup section */

/* Begin XCBuildConfiguration section */
		7DBFE43123CE521200DD56B1 /* Debug */ = {
			isa = XCBuildConfiguration;
			buildSettings = {
				ALWAYS_SEARCH_USER_PATHS = NO;
				CLANG_ANALYZER_NONNULL = YES;
				CLANG_ANALYZER_NUMBER_OBJECT_CONVERSION = YES_AGGRESSIVE;
				CLANG_CXX_LANGUAGE_STANDARD = "gnu++14";
				CLANG_CXX_LIBRARY = "libc++";
				CLANG_ENABLE_MODULES = YES;
				CLANG_ENABLE_OBJC_ARC = YES;
				CLANG_ENABLE_OBJC_WEAK = YES;
				CLANG_WARN_BLOCK_CAPTURE_AUTORELEASING = YES;
				CLANG_WARN_BOOL_CONVERSION = YES;
				CLANG_WARN_COMMA = YES;
				CLANG_WARN_CONSTANT_CONVERSION = YES;
				CLANG_WARN_DEPRECATED_OBJC_IMPLEMENTATIONS = YES;
				CLANG_WARN_DIRECT_OBJC_ISA_USAGE = YES_ERROR;
				CLANG_WARN_DOCUMENTATION_COMMENTS = YES;
				CLANG_WARN_EMPTY_BODY = YES;
				CLANG_WARN_ENUM_CONVERSION = YES;
				CLANG_WARN_INFINITE_RECURSION = YES;
				CLANG_WARN_INT_CONVERSION = YES;
				CLANG_WARN_NON_LITERAL_NULL_CONVERSION = YES;
				CLANG_WARN_OBJC_IMPLICIT_RETAIN_SELF = YES;
				CLANG_WARN_OBJC_LITERAL_CONVERSION = YES;
				CLANG_WARN_OBJC_ROOT_CLASS = YES_ERROR;
				CLANG_WARN_RANGE_LOOP_ANALYSIS = YES;
				CLANG_WARN_STRICT_PROTOTYPES = YES;
				CLANG_WARN_SUSPICIOUS_MOVE = YES;
				CLANG_WARN_UNGUARDED_AVAILABILITY = YES_AGGRESSIVE;
				CLANG_WARN_UNREACHABLE_CODE = YES;
				CLANG_WARN__DUPLICATE_METHOD_MATCH = YES;
				COPY_PHASE_STRIP = NO;
				DEBUG_INFORMATION_FORMAT = dwarf;
				ENABLE_STRICT_OBJC_MSGSEND = YES;
				ENABLE_TESTABILITY = YES;
				GCC_C_LANGUAGE_STANDARD = gnu11;
				GCC_DYNAMIC_NO_PIC = NO;
				GCC_NO_COMMON_BLOCKS = YES;
				GCC_OPTIMIZATION_LEVEL = 0;
				GCC_PREPROCESSOR_DEFINITIONS = (
					"DEBUG=1",
					"$(inherited)",
				);
				GCC_WARN_64_TO_32_BIT_CONVERSION = YES;
				GCC_WARN_ABOUT_RETURN_TYPE = YES_ERROR;
				GCC_WARN_UNDECLARED_SELECTOR = YES;
				GCC_WARN_UNINITIALIZED_AUTOS = YES_AGGRESSIVE;
				GCC_WARN_UNUSED_FUNCTION = YES;
				GCC_WARN_UNUSED_VARIABLE = YES;
				IPHONEOS_DEPLOYMENT_TARGET = 13.2;
				MTL_ENABLE_DEBUG_INFO = INCLUDE_SOURCE;
				MTL_FAST_MATH = YES;
				ONLY_ACTIVE_ARCH = YES;
				SDKROOT = iphoneos;
				SWIFT_ACTIVE_COMPILATION_CONDITIONS = DEBUG;
				SWIFT_OPTIMIZATION_LEVEL = "-Onone";
			};
			name = Debug;
		};
		7DBFE43223CE521200DD56B1 /* Release */ = {
			isa = XCBuildConfiguration;
			buildSettings = {
				ALWAYS_SEARCH_USER_PATHS = NO;
				CLANG_ANALYZER_NONNULL = YES;
				CLANG_ANALYZER_NUMBER_OBJECT_CONVERSION = YES_AGGRESSIVE;
				CLANG_CXX_LANGUAGE_STANDARD = "gnu++14";
				CLANG_CXX_LIBRARY = "libc++";
				CLANG_ENABLE_MODULES = YES;
				CLANG_ENABLE_OBJC_ARC = YES;
				CLANG_ENABLE_OBJC_WEAK = YES;
				CLANG_WARN_BLOCK_CAPTURE_AUTORELEASING = YES;
				CLANG_WARN_BOOL_CONVERSION = YES;
				CLANG_WARN_COMMA = YES;
				CLANG_WARN_CONSTANT_CONVERSION = YES;
				CLANG_WARN_DEPRECATED_OBJC_IMPLEMENTATIONS = YES;
				CLANG_WARN_DIRECT_OBJC_ISA_USAGE = YES_ERROR;
				CLANG_WARN_DOCUMENTATION_COMMENTS = YES;
				CLANG_WARN_EMPTY_BODY = YES;
				CLANG_WARN_ENUM_CONVERSION = YES;
				CLANG_WARN_INFINITE_RECURSION = YES;
				CLANG_WARN_INT_CONVERSION = YES;
				CLANG_WARN_NON_LITERAL_NULL_CONVERSION = YES;
				CLANG_WARN_OBJC_IMPLICIT_RETAIN_SELF = YES;
				CLANG_WARN_OBJC_LITERAL_CONVERSION = YES;
				CLANG_WARN_OBJC_ROOT_CLASS = YES_ERROR;
				CLANG_WARN_RANGE_LOOP_ANALYSIS = YES;
				CLANG_WARN_STRICT_PROTOTYPES = YES;
				CLANG_WARN_SUSPICIOUS_MOVE = YES;
				CLANG_WARN_UNGUARDED_AVAILABILITY = YES_AGGRESSIVE;
				CLANG_WARN_UNREACHABLE_CODE = YES;
				CLANG_WARN__DUPLICATE_METHOD_MATCH = YES;
				COPY_PHASE_STRIP = NO;
				DEBUG_INFORMATION_FORMAT = "dwarf-with-dsym";
				ENABLE_NS_ASSERTIONS = NO;
				ENABLE_STRICT_OBJC_MSGSEND = YES;
				GCC_C_LANGUAGE_STANDARD = gnu11;
				GCC_NO_COMMON_BLOCKS = YES;
				GCC_WARN_64_TO_32_BIT_CONVERSION = YES;
				GCC_WARN_ABOUT_RETURN_TYPE = YES_ERROR;
				GCC_WARN_UNDECLARED_SELECTOR = YES;
				GCC_WARN_UNINITIALIZED_AUTOS = YES_AGGRESSIVE;
				GCC_WARN_UNUSED_FUNCTION = YES;
				GCC_WARN_UNUSED_VARIABLE = YES;
				IPHONEOS_DEPLOYMENT_TARGET = 13.2;
				MTL_ENABLE_DEBUG_INFO = NO;
				MTL_FAST_MATH = YES;
				SDKROOT = iphoneos;
				SWIFT_COMPILATION_MODE = wholemodule;
				SWIFT_OPTIMIZATION_LEVEL = "-O";
				VALIDATE_PRODUCT = YES;
			};
			name = Release;
		};
		7DBFE43423CE521200DD56B1 /* Debug */ = {
			isa = XCBuildConfiguration;
			buildSettings = {
				ASSETCATALOG_COMPILER_APPICON_NAME = AppIcon;
				CODE_SIGN_STYLE = Automatic;
				DEVELOPMENT_TEAM = V74XQ3CF3T;
				INFOPLIST_FILE = RemoteCameraClient/Info.plist;
				IPHONEOS_DEPLOYMENT_TARGET = 13.0;
				LD_RUNPATH_SEARCH_PATHS = (
					"$(inherited)",
					"@executable_path/Frameworks",
				);
				PRODUCT_BUNDLE_IDENTIFIER = com.maxqsoftware.RemoteCameraClient;
				PRODUCT_NAME = "$(TARGET_NAME)";
				SWIFT_VERSION = 5.0;
				TARGETED_DEVICE_FAMILY = "1,2";
			};
			name = Debug;
		};
		7DBFE43523CE521200DD56B1 /* Release */ = {
			isa = XCBuildConfiguration;
			buildSettings = {
				ASSETCATALOG_COMPILER_APPICON_NAME = AppIcon;
				CODE_SIGN_STYLE = Automatic;
				DEVELOPMENT_TEAM = V74XQ3CF3T;
				INFOPLIST_FILE = RemoteCameraClient/Info.plist;
				IPHONEOS_DEPLOYMENT_TARGET = 13.0;
				LD_RUNPATH_SEARCH_PATHS = (
					"$(inherited)",
					"@executable_path/Frameworks",
				);
				PRODUCT_BUNDLE_IDENTIFIER = com.maxqsoftware.RemoteCameraClient;
				PRODUCT_NAME = "$(TARGET_NAME)";
				SWIFT_VERSION = 5.0;
				TARGETED_DEVICE_FAMILY = "1,2";
			};
			name = Release;
		};
		7DBFE43723CE521200DD56B1 /* Debug */ = {
			isa = XCBuildConfiguration;
			buildSettings = {
				ALWAYS_EMBED_SWIFT_STANDARD_LIBRARIES = YES;
				BUNDLE_LOADER = "$(TEST_HOST)";
				CODE_SIGN_STYLE = Automatic;
				DEVELOPMENT_TEAM = NG984K9PNF;
				INFOPLIST_FILE = RemoteCameraClientTests/Info.plist;
				IPHONEOS_DEPLOYMENT_TARGET = 13.2;
				LD_RUNPATH_SEARCH_PATHS = (
					"$(inherited)",
					"@executable_path/Frameworks",
					"@loader_path/Frameworks",
				);
				PRODUCT_BUNDLE_IDENTIFIER = com.dgreenheck.RemoteCameraClientTests;
				PRODUCT_NAME = "$(TARGET_NAME)";
				SWIFT_VERSION = 5.0;
				TARGETED_DEVICE_FAMILY = "1,2";
				TEST_HOST = "$(BUILT_PRODUCTS_DIR)/RemoteCameraClient.app/RemoteCameraClient";
			};
			name = Debug;
		};
		7DBFE43823CE521200DD56B1 /* Release */ = {
			isa = XCBuildConfiguration;
			buildSettings = {
				ALWAYS_EMBED_SWIFT_STANDARD_LIBRARIES = YES;
				BUNDLE_LOADER = "$(TEST_HOST)";
				CODE_SIGN_STYLE = Automatic;
				DEVELOPMENT_TEAM = NG984K9PNF;
				INFOPLIST_FILE = RemoteCameraClientTests/Info.plist;
				IPHONEOS_DEPLOYMENT_TARGET = 13.2;
				LD_RUNPATH_SEARCH_PATHS = (
					"$(inherited)",
					"@executable_path/Frameworks",
					"@loader_path/Frameworks",
				);
				PRODUCT_BUNDLE_IDENTIFIER = com.dgreenheck.RemoteCameraClientTests;
				PRODUCT_NAME = "$(TARGET_NAME)";
				SWIFT_VERSION = 5.0;
				TARGETED_DEVICE_FAMILY = "1,2";
				TEST_HOST = "$(BUILT_PRODUCTS_DIR)/RemoteCameraClient.app/RemoteCameraClient";
			};
			name = Release;
		};
		7DBFE43A23CE521200DD56B1 /* Debug */ = {
			isa = XCBuildConfiguration;
			buildSettings = {
				ALWAYS_EMBED_SWIFT_STANDARD_LIBRARIES = YES;
				CODE_SIGN_STYLE = Automatic;
				DEVELOPMENT_TEAM = NG984K9PNF;
				INFOPLIST_FILE = RemoteCameraClientUITests/Info.plist;
				LD_RUNPATH_SEARCH_PATHS = (
					"$(inherited)",
					"@executable_path/Frameworks",
					"@loader_path/Frameworks",
				);
				PRODUCT_BUNDLE_IDENTIFIER = com.dgreenheck.RemoteCameraClientUITests;
				PRODUCT_NAME = "$(TARGET_NAME)";
				SWIFT_VERSION = 5.0;
				TARGETED_DEVICE_FAMILY = "1,2";
				TEST_TARGET_NAME = RemoteCameraClient;
			};
			name = Debug;
		};
		7DBFE43B23CE521200DD56B1 /* Release */ = {
			isa = XCBuildConfiguration;
			buildSettings = {
				ALWAYS_EMBED_SWIFT_STANDARD_LIBRARIES = YES;
				CODE_SIGN_STYLE = Automatic;
				DEVELOPMENT_TEAM = NG984K9PNF;
				INFOPLIST_FILE = RemoteCameraClientUITests/Info.plist;
				LD_RUNPATH_SEARCH_PATHS = (
					"$(inherited)",
					"@executable_path/Frameworks",
					"@loader_path/Frameworks",
				);
				PRODUCT_BUNDLE_IDENTIFIER = com.dgreenheck.RemoteCameraClientUITests;
				PRODUCT_NAME = "$(TARGET_NAME)";
				SWIFT_VERSION = 5.0;
				TARGETED_DEVICE_FAMILY = "1,2";
				TEST_TARGET_NAME = RemoteCameraClient;
			};
			name = Release;
		};
/* End XCBuildConfiguration section */

/* Begin XCConfigurationList section */
		7DBFE40423CE521100DD56B1 /* Build configuration list for PBXProject "RemoteCameraClient" */ = {
			isa = XCConfigurationList;
			buildConfigurations = (
				7DBFE43123CE521200DD56B1 /* Debug */,
				7DBFE43223CE521200DD56B1 /* Release */,
			);
			defaultConfigurationIsVisible = 0;
			defaultConfigurationName = Release;
		};
		7DBFE43323CE521200DD56B1 /* Build configuration list for PBXNativeTarget "RemoteCameraClient" */ = {
			isa = XCConfigurationList;
			buildConfigurations = (
				7DBFE43423CE521200DD56B1 /* Debug */,
				7DBFE43523CE521200DD56B1 /* Release */,
			);
			defaultConfigurationIsVisible = 0;
			defaultConfigurationName = Release;
		};
		7DBFE43623CE521200DD56B1 /* Build configuration list for PBXNativeTarget "RemoteCameraClientTests" */ = {
			isa = XCConfigurationList;
			buildConfigurations = (
				7DBFE43723CE521200DD56B1 /* Debug */,
				7DBFE43823CE521200DD56B1 /* Release */,
			);
			defaultConfigurationIsVisible = 0;
			defaultConfigurationName = Release;
		};
		7DBFE43923CE521200DD56B1 /* Build configuration list for PBXNativeTarget "RemoteCameraClientUITests" */ = {
			isa = XCConfigurationList;
			buildConfigurations = (
				7DBFE43A23CE521200DD56B1 /* Debug */,
				7DBFE43B23CE521200DD56B1 /* Release */,
			);
			defaultConfigurationIsVisible = 0;
			defaultConfigurationName = Release;
		};
/* End XCConfigurationList section */
	};
	rootObject = 7DBFE40123CE521100DD56B1 /* Project object */;
}
